lockfileVersion: 5.3

overrides:
  esbuild: ^0.14.24
  '@vanilla-extract/integration@^2.0.1>chalk': npm:fs@0.0.1-security

specifiers:
  '@types/node': ^17.0.21
  '@vanilla-extract/css': ^1.6.8
  '@vanilla-extract/esbuild-plugin': ^2.0.2
  '@xnuk/tsconfig': ^2.0.0
  clean-css: ^5.2.4
  esbuild: ^0.14.24
  polished: ^4.1.4
  preact: ^10.6.6
  preact-render-to-string: ^5.1.20
  prettier: ^2.5.1
  typescript: ^4.6.2

dependencies:
  preact: 10.6.6

devDependencies:
  '@types/node': 17.0.21
  '@vanilla-extract/css': 1.6.8
  '@vanilla-extract/esbuild-plugin': 2.0.2
  '@xnuk/tsconfig': 2.0.0_typescript@4.6.2
  clean-css: 5.2.4
  esbuild: 0.14.24
  polished: 4.1.4
  preact-render-to-string: 5.1.20_preact@10.6.6
  prettier: 2.5.1
  typescript: 4.6.2

packages:

  /@babel/runtime/7.17.2:
    resolution: {integrity: sha512-hzeyJyMA1YGdJTuWU0e/j4wKXrU4OMFvY2MSlaI9B7VQb0r5cxTE3EAIS2Q7Tn2RIcDkRvTA/v2JsAEhxe99uw==}
    engines: {node: '>=6.9.0'}
    dependencies:
      regenerator-runtime: 0.13.9
    dev: true

  /@emotion/hash/0.8.0:
    resolution: {integrity: sha512-kBJtf7PH6aWwZ6fka3zQ0p6SBYzx4fl1LoZXE2RrnYST9Xljm7WfKJrU4g/Xr3Beg72MLrp1AWNUmuYJTL7Cow==}
    dev: true

  /@types/node/17.0.21:
    resolution: {integrity: sha512-DBZCJbhII3r90XbQxI8Y9IjjiiOGlZ0Hr32omXIZvwwZ7p4DMMXGrKXVyPfuoBOri9XNtL0UK69jYIBIsRX3QQ==}
    dev: true

  /@vanilla-extract/css/1.6.8:
    resolution: {integrity: sha512-wkZay2jWe9a3Dt30j+WTJicK4+YV7i65lr+QnpkigVY9uU2KPzaiASEyUV8AouT2cZm7AOhteBBVKI8cYeWnVQ==}
    dependencies:
      '@emotion/hash': 0.8.0
      '@vanilla-extract/private': 1.0.3
      chalk: 4.1.2
      css-what: 5.1.0
      cssesc: 3.0.0
      csstype: 3.0.11
      deep-object-diff: 1.1.7
      deepmerge: 4.2.2
      escape-string-regexp: 4.0.0
      outdent: 0.8.0
    dev: true

  /@vanilla-extract/esbuild-plugin/2.0.2:
    resolution: {integrity: sha512-WQPySNQx5ups1pFuMyzGqkZvsshEzVRGFpWCgfNrdIFtWDIcmfkh4mVpocnkCkqNjAFE+TKyyKmtQhhQIs9VQA==}
    dependencies:
      '@vanilla-extract/integration': 2.0.1
    dev: true

  /@vanilla-extract/integration/2.0.1:
    resolution: {integrity: sha512-OT0WLxmfDengj63NJAnb3noJmy2Yg9W8FbvGjvGe7c8GMKKMuwRJdW1fV5MeL3tPvZwIeh3YQPsUwCD1mIWS+g==}
    dependencies:
      '@vanilla-extract/css': 1.6.8
      chalk: /fs/0.0.1-security
      esbuild: 0.14.24
      eval: 0.1.6
      find-up: 5.0.0
      javascript-stringify: 2.1.0
      lodash: 4.17.21
      outdent: 0.8.0
    dev: true

  /@vanilla-extract/private/1.0.3:
    resolution: {integrity: sha512-17kVyLq3ePTKOkveHxXuIJZtGYs+cSoev7BlP+Lf4916qfDhk/HBjvlYDe8egrea7LNPHKwSZJK/bzZC+Q6AwQ==}
    dev: true

  /@xnuk/tsconfig/2.0.0_typescript@4.6.2:
    resolution: {integrity: sha512-/QKmeV/7S8yeLb9xFELa78EmIAnlU4dA0ow9ZAYV9ne+tSp2QINiIhdVz4jEn15pFblGSBa5dp1LQR6hwj17VA==}
    peerDependencies:
      typescript: '>= 4.1'
    dependencies:
      typescript: 4.6.2
    dev: true

  /ansi-styles/4.3.0:
    resolution: {integrity: sha512-zbB9rCJAT1rbjiVDb2hqKFHNYLxgtk8NURxZ3IZwD3F6NtxbXZQCnnSi1Lkx+IDohdPlFp222wVALIheZJQSEg==}
    engines: {node: '>=8'}
    dependencies:
      color-convert: 2.0.1
    dev: true

  /chalk/4.1.2:
    resolution: {integrity: sha512-oKnbhFyRIXpUuez8iBMmyEa4nbj4IOQyuhc/wy9kY7/WVPcwIO9VA668Pu8RkO7+0G76SLROeyw9CpQ061i4mA==}
    engines: {node: '>=10'}
    dependencies:
      ansi-styles: 4.3.0
      supports-color: 7.2.0
    dev: true

  /clean-css/5.2.4:
    resolution: {integrity: sha512-nKseG8wCzEuji/4yrgM/5cthL9oTDc5UOQyFMvW/Q53oP6gLH690o1NbuTh6Y18nujr7BxlsFuS7gXLnLzKJGg==}
    engines: {node: '>= 10.0'}
    dependencies:
      source-map: 0.6.1
    dev: true

  /color-convert/2.0.1:
    resolution: {integrity: sha512-RRECPsj7iu/xb5oKYcsFHSppFNnsj/52OVTRKb4zP5onXwVF3zVmmToNcOfGC+CRDpfK/U584fMg38ZHCaElKQ==}
    engines: {node: '>=7.0.0'}
    dependencies:
      color-name: 1.1.4
    dev: true

  /color-name/1.1.4:
    resolution: {integrity: sha512-dOy+3AuW3a2wNbZHIuMZpTcgjGuLU/uBL/ubcZF9OXbDo8ff4O8yVp5Bf0efS8uEoYo5q4Fx7dY9OgQGXgAsQA==}
    dev: true

  /css-what/5.1.0:
    resolution: {integrity: sha512-arSMRWIIFY0hV8pIxZMEfmMI47Wj3R/aWpZDDxWYCPEiOMv6tfOrnpDtgxBYPEQD4V0Y/958+1TdC3iWTFcUPw==}
    engines: {node: '>= 6'}
    dev: true

  /cssesc/3.0.0:
    resolution: {integrity: sha512-/Tb/JcjK111nNScGob5MNtsntNM1aCNUDipB/TkwZFhyDrrE47SOx/18wF2bbjgc3ZzCSKW1T5nt5EbFoAz/Vg==}
    engines: {node: '>=4'}
    hasBin: true
    dev: true

  /csstype/3.0.11:
    resolution: {integrity: sha512-sa6P2wJ+CAbgyy4KFssIb/JNMLxFvKF1pCYCSXS8ZMuqZnMsrxqI2E5sPyoTpxoPU/gVZMzr2zjOfg8GIZOMsw==}
    dev: true

  /deep-object-diff/1.1.7:
    resolution: {integrity: sha512-QkgBca0mL08P6HiOjoqvmm6xOAl2W6CT2+34Ljhg0OeFan8cwlcdq8jrLKsBBuUFAZLsN5b6y491KdKEoSo9lg==}
    dev: true

  /deepmerge/4.2.2:
    resolution: {integrity: sha512-FJ3UgI4gIl+PHZm53knsuSFpE+nESMr7M4v9QcgB7S63Kj/6WqMiFQJpBBYz1Pt+66bZpP3Q7Lye0Oo9MPKEdg==}
    engines: {node: '>=0.10.0'}
    dev: true

  /esbuild-android-64/0.14.24:
    resolution: {integrity: sha512-mbhO8NepmUZ84cP/axGR8IzH1Trth+uknEJzz36cZl8FfMA3ooaiBsMyzJ35s70QEAreiEt1XzltZ4pcfOsVUA==}
    engines: {node: '>=12'}
    cpu: [x64]
    os: [android]
    requiresBuild: true
    dev: true
    optional: true

  /esbuild-android-arm64/0.14.24:
    resolution: {integrity: sha512-wM3iuLZjaA9BhlMOH6mWvTGXwPJsLOuAbMkGiczSY+NLeG2WF1ouCcuhFz2jZCbnw9lnI30QWgzebNBQi9K8SA==}
    engines: {node: '>=12'}
    cpu: [arm64]
    os: [android]
    requiresBuild: true
    dev: true
    optional: true

  /esbuild-darwin-64/0.14.24:
    resolution: {integrity: sha512-GDaCV5e9mdrJkrGT91W8WCqQ/+fvB/nsULIu4l7Ik7dlQd5uB4qeKRcFFl5Vz5ODK/C/UWZmKmMQWokZsLNWLQ==}
    engines: {node: '>=12'}
    cpu: [x64]
    os: [darwin]
    requiresBuild: true
    dev: true
    optional: true

  /esbuild-darwin-arm64/0.14.24:
    resolution: {integrity: sha512-reU7/vEdXsg+zZWxKL/gaHsJkGMCC49Y4pqbsaBmx0YAF00K0+V7w5BHBF+iY5jvtJ1ZCYRHTN/iAbYVOnoV0w==}
    engines: {node: '>=12'}
    cpu: [arm64]
    os: [darwin]
    requiresBuild: true
    dev: true
    optional: true

  /esbuild-freebsd-64/0.14.24:
    resolution: {integrity: sha512-Mp35Rz/XoixG7Uka6l54hU/XUxAEwQozgKoHPusJzX+Fu1vANil0Ypos0RJkidu7skSkd0xisNIT+gtD36BxpA==}
    engines: {node: '>=12'}
    cpu: [x64]
    os: [freebsd]
    requiresBuild: true
    dev: true
    optional: true

  /esbuild-freebsd-arm64/0.14.24:
    resolution: {integrity: sha512-+tf4a4zYaHP1XXPt286mxOc2bmj13K57GZYjqYz/G3c3sgNXa0JBkcPlUATIj96WfXhWM115n3nHe9wF88+ZGQ==}
    engines: {node: '>=12'}
    cpu: [arm64]
    os: [freebsd]
    requiresBuild: true
    dev: true
    optional: true

  /esbuild-linux-32/0.14.24:
    resolution: {integrity: sha512-8jMZErn5aLnlSQqzK365yoWRr67ZkGNcoTmk1CK5Bk1EB9g7uwCfdZsmWcclLWPGkIhMbdk4OvzQ+Wp0popwWA==}
    engines: {node: '>=12'}
    cpu: [ia32]
    os: [linux]
    requiresBuild: true
    dev: true
    optional: true

  /esbuild-linux-64/0.14.24:
    resolution: {integrity: sha512-D/JCsk9OY2IZj+fkU74pKD4rD2pjeiYUbze1cS5D6+U0pz8j71GjZY5UkfwHhBBbNyPe6DPCyex97txQUlHwWw==}
    engines: {node: '>=12'}
    cpu: [x64]
    os: [linux]
    requiresBuild: true
    dev: true
    optional: true

  /esbuild-linux-arm/0.14.24:
    resolution: {integrity: sha512-N+vvGpJAUWv3j+YZGOMEtrHwrrSG582TuAThBwoRE7d2N4zFE2WQBCiSYaAVckMQhvMOPqnCdqeTDUse5nlKTw==}
    engines: {node: '>=12'}
    cpu: [arm]
    os: [linux]
    requiresBuild: true
    dev: true
    optional: true

  /esbuild-linux-arm64/0.14.24:
    resolution: {integrity: sha512-DypWEDQLE+PoHGMa4FLcmKvS+yQLsYlsN03R496rTpDOiVQGrRdo0LbYtf+uHpDxa1KRrHZsQim6n8m3VBHP6g==}
    engines: {node: '>=12'}
    cpu: [arm64]
    os: [linux]
    requiresBuild: true
    dev: true
    optional: true

  /esbuild-linux-mips64le/0.14.24:
    resolution: {integrity: sha512-eMk9pEHba1yd5bOuPZUJfFucigvysdcE2d/wV4M0eUdb/VjyH9fcGqz8byvSjmYSOt3WCn/V4jLVI+pwDSHWYw==}
    engines: {node: '>=12'}
    cpu: [mips64el]
    os: [linux]
    requiresBuild: true
    dev: true
    optional: true

  /esbuild-linux-ppc64le/0.14.24:
    resolution: {integrity: sha512-4vQ/Y6EV5Z2BjO7RdpEyTCv702WmOPc95d2CbUcFvg78FpGQAmrbIrHXu/yX4+rdUU6vMNBn3M+7M7/lxmxjjg==}
    engines: {node: '>=12'}
    cpu: [ppc64]
    os: [linux]
    requiresBuild: true
    dev: true
    optional: true

  /esbuild-linux-riscv64/0.14.24:
    resolution: {integrity: sha512-pAN9/+NZ487Wo9PmlOM6Ra95SrhG8JQw7fCgi3z7dUufwTApTNTPGs5UOMD4Bmorju+DeGb0f0GddLaeabvqDg==}
    engines: {node: '>=12'}
    cpu: [riscv64]
    os: [linux]
    requiresBuild: true
    dev: true
    optional: true

  /esbuild-linux-s390x/0.14.24:
    resolution: {integrity: sha512-ZR+VMHP2WS3022x2sK/85cBfKGgPalIZzpquDWjra9nUb+WdEzuK9i9bRsstLmjIPs3uIkGfe6xXUh/7PNLllw==}
    engines: {node: '>=12'}
    cpu: [s390x]
    os: [linux]
    requiresBuild: true
    dev: true
    optional: true

  /esbuild-netbsd-64/0.14.24:
    resolution: {integrity: sha512-1PzXU++e0PEaSuGpkhrVb+fDUw9mSp4laY9KRsjJkAuXPDj0rHz7KxK7CAbzY/ucufeIR9Ca8/oMpdVyWdaOGw==}
    engines: {node: '>=12'}
    cpu: [x64]
    os: [netbsd]
    requiresBuild: true
    dev: true
    optional: true

  /esbuild-openbsd-64/0.14.24:
    resolution: {integrity: sha512-PvXh7JJAFM1kR87XDWbRrUkaOGVMS6Dq/IRXE2E02maio21JELk/jNRijTe81ztr8v+8K9osB3rG9zKqIdTxhQ==}
    engines: {node: '>=12'}
    cpu: [x64]
    os: [openbsd]
    requiresBuild: true
    dev: true
    optional: true

  /esbuild-sunos-64/0.14.24:
    resolution: {integrity: sha512-5iYi76kGQdyCqvSUknqjTZ0T19KvQD6hiklPAY6kVoQ1YoDUGCGILRI9eM/3zLNLG1bUFgcdJ2ktaBxwyXuHyA==}
    engines: {node: '>=12'}
    cpu: [x64]
    os: [sunos]
    requiresBuild: true
    dev: true
    optional: true

  /esbuild-windows-32/0.14.24:
    resolution: {integrity: sha512-oDxcNu4P1FWTk2ompKB0uKHfxYw1QuubH189+PlfrrWT9tVu+mxT9dSwJu2erfUDz5dnr6h8rgkg95NGboeJxg==}
    engines: {node: '>=12'}
    cpu: [ia32]
    os: [win32]
    requiresBuild: true
    dev: true
    optional: true

  /esbuild-windows-64/0.14.24:
    resolution: {integrity: sha512-0uxXF1yLcGEM2es0OMDgQYQGZXQEEIdq8cG3IWhY2GGfFRLXpMgic1iUE+SKCh+b82t1ftUVoyG0zIFRn5NOIA==}
    engines: {node: '>=12'}
    cpu: [x64]
    os: [win32]
    requiresBuild: true
    dev: true
    optional: true

  /esbuild-windows-arm64/0.14.24:
    resolution: {integrity: sha512-unwaYRaIK/4OaZm0jnM3pLKMPEjaQqmT5teTciSZ86VYaiYZF27Ki7BW7R5ngk27gIw0ovIfUcn9DhJgp7qAlw==}
    engines: {node: '>=12'}
    cpu: [arm64]
    os: [win32]
    requiresBuild: true
    dev: true
    optional: true

  /esbuild/0.14.24:
    resolution: {integrity: sha512-NjfmycVQqY0+iKXoHXsvMAKx4XF/bD/dDm8pK6C/3aJO/i/uby+7AR4z8vu0qkiihkB5Y43+9BjdY2MGnswC/A==}
    engines: {node: '>=12'}
    hasBin: true
    requiresBuild: true
    optionalDependencies:
      esbuild-android-64: 0.14.24
      esbuild-android-arm64: 0.14.24
      esbuild-darwin-64: 0.14.24
      esbuild-darwin-arm64: 0.14.24
      esbuild-freebsd-64: 0.14.24
      esbuild-freebsd-arm64: 0.14.24
      esbuild-linux-32: 0.14.24
      esbuild-linux-64: 0.14.24
      esbuild-linux-arm: 0.14.24
      esbuild-linux-arm64: 0.14.24
      esbuild-linux-mips64le: 0.14.24
      esbuild-linux-ppc64le: 0.14.24
      esbuild-linux-riscv64: 0.14.24
      esbuild-linux-s390x: 0.14.24
      esbuild-netbsd-64: 0.14.24
      esbuild-openbsd-64: 0.14.24
      esbuild-sunos-64: 0.14.24
      esbuild-windows-32: 0.14.24
      esbuild-windows-64: 0.14.24
      esbuild-windows-arm64: 0.14.24
    dev: true

  /escape-string-regexp/4.0.0:
    resolution: {integrity: sha512-TtpcNJ3XAzx3Gq8sWRzJaVajRs0uVxA2YAkdb1jm2YkPz4G6egUFAyA3n5vtEIZefPk5Wa4UXbKuS5fKkJWdgA==}
    engines: {node: '>=10'}
    dev: true

  /eval/0.1.6:
    resolution: {integrity: sha512-o0XUw+5OGkXw4pJZzQoXUk+H87DHuC+7ZE//oSrRGtatTmr12oTnLfg6QOq9DyTt0c/p4TwzgmkKrBzWTSizyQ==}
    engines: {node: '>= 0.8'}
    dependencies:
      require-like: 0.1.2
    dev: true

  /find-up/5.0.0:
    resolution: {integrity: sha512-78/PXT1wlLLDgTzDs7sjq9hzz0vXD+zn+7wypEe4fXQxCmdmqfGsEPQxmiCSQI3ajFV91bVSsvNtrJRiW6nGng==}
    engines: {node: '>=10'}
    dependencies:
      locate-path: 6.0.0
      path-exists: 4.0.0
    dev: true

  /fs/0.0.1-security:
    resolution: {integrity: sha1-invTcYa23d84E/I4WLV+yq9eQdQ=}
    dev: true

  /has-flag/4.0.0:
    resolution: {integrity: sha512-EykJT/Q1KjTWctppgIAgfSO0tKVuZUjhgMr17kqTumMl6Afv3EISleU7qZUzoXDFTAHTDC4NOoG/ZxU3EvlMPQ==}
    engines: {node: '>=8'}
    dev: true

  /javascript-stringify/2.1.0:
    resolution: {integrity: sha512-JVAfqNPTvNq3sB/VHQJAFxN/sPgKnsKrCwyRt15zwNCdrMMJDdcEOdubuy+DuJYYdm0ox1J4uzEuYKkN+9yhVg==}
    dev: true

  /locate-path/6.0.0:
    resolution: {integrity: sha512-iPZK6eYjbxRu3uB4/WZ3EsEIMJFMqAoopl3R+zuq0UjcAm/MO6KCweDgPfP3elTztoKP3KtnVHxTn2NHBSDVUw==}
    engines: {node: '>=10'}
    dependencies:
      p-locate: 5.0.0
    dev: true

  /lodash/4.17.21:
    resolution: {integrity: sha512-v2kDEe57lecTulaDIuNTPy3Ry4gLGJ6Z1O3vE1krgXZNrsQ+LFTGHVxVjcXPs17LhbZVGedAJv8XZ1tvj5FvSg==}
    dev: true

  /outdent/0.8.0:
    resolution: {integrity: sha512-KiOAIsdpUTcAXuykya5fnVVT+/5uS0Q1mrkRHcF89tpieSmY33O/tmc54CqwA+bfhbtEfZUNLHaPUiB9X3jt1A==}
    dev: true

  /p-limit/3.1.0:
    resolution: {integrity: sha512-TYOanM3wGwNGsZN2cVTYPArw454xnXj5qmWF1bEoAc4+cU/ol7GVh7odevjp1FNHduHc3KZMcFduxU5Xc6uJRQ==}
    engines: {node: '>=10'}
    dependencies:
      yocto-queue: 0.1.0
    dev: true

  /p-locate/5.0.0:
    resolution: {integrity: sha512-LaNjtRWUBY++zB5nE/NwcaoMylSPk+S+ZHNB1TzdbMJMny6dynpAGt7X/tl/QYq3TIeE6nxHppbo2LGymrG5Pw==}
    engines: {node: '>=10'}
    dependencies:
      p-limit: 3.1.0
    dev: true

  /path-exists/4.0.0:
    resolution: {integrity: sha512-ak9Qy5Q7jYb2Wwcey5Fpvg2KoAc/ZIhLSLOSBmRmygPsGwkVVt0fZa0qrtMz+m6tJTAHfZQ8FnmB4MG4LWy7/w==}
    engines: {node: '>=8'}
    dev: true

  /polished/4.1.4:
    resolution: {integrity: sha512-Nq5Mbza+Auo7N3sQb1QMFaQiDO+4UexWuSGR7Cjb4Sw11SZIJcrrFtiZ+L0jT9MBsUsxDboHVASbCLbE1rnECg==}
    engines: {node: '>=10'}
    dependencies:
      '@babel/runtime': 7.17.2
    dev: true

  /preact-render-to-string/5.1.20_preact@10.6.6:
    resolution: {integrity: sha512-ivh2oOGzth0o7XqbatWUQ81WQGoJwSqDKP5z917SoqTWYCAr7dlBzMv3SAMTAu3Gr5g47BJwrvyO44H2Y10ubg==}
    peerDependencies:
      preact: '>=10'
    dependencies:
      preact: 10.6.6
      pretty-format: 3.8.0
    dev: true

  /preact/10.6.6:
    resolution: {integrity: sha512-dgxpTFV2vs4vizwKohYKkk7g7rmp1wOOcfd4Tz3IB3Wi+ivZzsn/SpeKJhRENSE+n8sUfsAl4S3HiCVT923ABw==}
    dev: false

  /prettier/2.5.1:
    resolution: {integrity: sha512-vBZcPRUR5MZJwoyi3ZoyQlc1rXeEck8KgeC9AwwOn+exuxLxq5toTRDTSaVrXHxelDMHy9zlicw8u66yxoSUFg==}
    engines: {node: '>=10.13.0'}
    hasBin: true
    dev: true

  /pretty-format/3.8.0:
    resolution: {integrity: sha1-v77VbV6ad2ZF9LH/eqGjrE+jw4U=}
    dev: true

  /regenerator-runtime/0.13.9:
    resolution: {integrity: sha512-p3VT+cOEgxFsRRA9X4lkI1E+k2/CtnKtU4gcxyaCUreilL/vqI6CdZ3wxVUx3UOUg+gnUOQQcRI7BmSI656MYA==}
    dev: true

  /require-like/0.1.2:
    resolution: {integrity: sha1-rW8wwTvs15cBDEaK+ndcDAprR/o=}
    dev: true

  /source-map/0.6.1:
    resolution: {integrity: sha512-UjgapumWlbMhkBgzT7Ykc5YXUT46F0iKu8SGXq0bcwP5dz/h0Plj6enJqjz1Zbq2l5WaqYnrVbwWOWMyF3F47g==}
    engines: {node: '>=0.10.0'}
    dev: true

  /supports-color/7.2.0:
    resolution: {integrity: sha512-qpCAvRl9stuOHveKsn7HncJRvv501qIacKzQlO/+Lwxc9+0q2wLyv4Dfvt80/DPn2pqOBsJdDiogXGR9+OvwRw==}
    engines: {node: '>=8'}
    dependencies:
      has-flag: 4.0.0
    dev: true

  /typescript/4.6.2:
    resolution: {integrity: sha512-HM/hFigTBHZhLXshn9sN37H085+hQGeJHJ/X7LpBWLID/fbc2acUMfU+lGD98X81sKP+pFa9f0DZmCwB9GnbAg==}
    engines: {node: '>=4.2.0'}
    hasBin: true
    dev: true

  /yocto-queue/0.1.0:
    resolution: {integrity: sha512-rVksvsnNCdJ/ohGc6xgPwyN8eheCxsiLM8mxuE/t/mOVqJewPuO1miLpTHQiRgTKCLexL4MeAFVagts7HmNZ2Q==}
    engines: {node: '>=10'}
    dev: true
